Microsoft Visual Studio Solution File, Format Version 8.00
Project("{8BC9CEB8-8B4A-11D0-8D11-00A0C91BC942}") = "datatool", "datatool.vcproj", "{C37E1481-C2E7-4620-92CE-DD843EAB4232}"
	ProjectSection(ProjectDependencies) = postProject
		{87B6D90B-35B0-43E6-8506-9EEF75584B9B} = {87B6D90B-35B0-43E6-8506-9EEF75584B9B}
		{1822802B-886E-468A-B571-A034001F0B30} = {1822802B-886E-468A-B571-A034001F0B30}
		{4642B64B-ABF7-4FAB-903E-EB1E7CBF8A81} = {4642B64B-ABF7-4FAB-903E-EB1E7CBF8A81}
		{1ABB1158-909C-4AD4-9F81-CB38BBA5D950} = {1ABB1158-909C-4AD4-9F81-CB38BBA5D950}
		{5DC4CC9A-3052-4076-A8D4-FE229C1AC141} = {5DC4CC9A-3052-4076-A8D4-FE229C1AC141}
		{5524AE9C-5FE6-4929-A0E1-3B9C9D25097A} = {5524AE9C-5FE6-4929-A0E1-3B9C9D25097A}
		{452C08A8-4B8E-4275-9207-81840EA8148E} = {452C08A8-4B8E-4275-9207-81840EA8148E}
		{204D85B9-F793-4F21-99FF-40AC92A08E5D} = {204D85B9-F793-4F21-99FF-40AC92A08E5D}
		{CF7AC3D1-E2DF-41D2-BEA6-1E2556CDEA26} = {CF7AC3D1-E2DF-41D2-BEA6-1E2556CDEA26}
	EndProjectSection
EndProject
Project("{8BC9CEB8-8B4A-11D0-8D11-00A0C91BC942}") = "entitydef", "entitydef.vcproj", "{1822802B-886E-468A-B571-A034001F0B30}"
	ProjectSection(ProjectDependencies) = postProject
	EndProjectSection
EndProject
Project("{8BC9CEB8-8B4A-11D0-8D11-00A0C91BC942}") = "pyscript", "pyscript.vcproj", "{87B6D90B-35B0-43E6-8506-9EEF75584B9B}"
	ProjectSection(ProjectDependencies) = postProject
		{CF7AC3D1-E2DF-41D2-BEA6-1E2556CDEA26} = {CF7AC3D1-E2DF-41D2-BEA6-1E2556CDEA26}
	EndProjectSection
EndProject
Project("{8BC9CEB8-8B4A-11D0-8D11-00A0C91BC942}") = "resmgr", "resmgr.vcproj", "{204D85B9-F793-4F21-99FF-40AC92A08E5D}"
	ProjectSection(ProjectDependencies) = postProject
	EndProjectSection
EndProject
Project("{8BC9CEB8-8B4A-11D0-8D11-00A0C91BC942}") = "server", "s_server.vcproj", "{5524AE9C-5FE6-4929-A0E1-3B9C9D25097A}"
	ProjectSection(ProjectDependencies) = postProject
	EndProjectSection
EndProject
Project("{8BC9CEB8-8B4A-11D0-8D11-00A0C91BC942}") = "pythoncore", "Python-2.5\PCbuild\pythoncore.vcproj", "{CF7AC3D1-E2DF-41D2-BEA6-1E2556CDEA26}"
	ProjectSection(ProjectDependencies) = postProject
	EndProjectSection
EndProject
Project("{8BC9CEB8-8B4A-11D0-8D11-00A0C91BC942}") = "zip", "..\..\..\..\..\src\lib\zip\zip.vcproj", "{1ABB1158-909C-4AD4-9F81-CB38BBA5D950}"
	ProjectSection(ProjectDependencies) = postProject
	EndProjectSection
EndProject
Project("{8BC9CEB8-8B4A-11D0-8D11-00A0C91BC942}") = "network", "..\..\..\..\..\src\lib\network\network.vcproj", "{452C08A8-4B8E-4275-9207-81840EA8148E}"
	ProjectSection(ProjectDependencies) = postProject
	EndProjectSection
EndProject
Project("{8BC9CEB8-8B4A-11D0-8D11-00A0C91BC942}") = "cstdmf", "cstdmf.vcproj", "{4642B64B-ABF7-4FAB-903E-EB1E7CBF8A81}"
	ProjectSection(ProjectDependencies) = postProject
	EndProjectSection
EndProject
Project("{8BC9CEB8-8B4A-11D0-8D11-00A0C91BC942}") = "math3D", "math3d.vcproj", "{5DC4CC9A-3052-4076-A8D4-FE229C1AC141}"
	ProjectSection(ProjectDependencies) = postProject
	EndProjectSection
EndProject
Global
	GlobalSection(SolutionConfiguration) = preSolution
		Debug = Debug
		Editor_Debug = Editor_Debug
		Editor_Hybrid = Editor_Hybrid
		Eval_Release = Eval_Release
		Hybrid = Hybrid
		PyModule_Hybrid = PyModule_Hybrid
		Release = Release
		ReleaseAMD64 = ReleaseAMD64
		ReleaseItanium = ReleaseItanium
		Single_Threaded_Debug = Single_Threaded_Debug
		Single_Threaded_Hybrid = Single_Threaded_Hybrid
		Single_Threaded_Release = Single_Threaded_Release
		Single_Threaded_Static_Debug = Single_Threaded_Static_Debug
		Single_Threaded_Static_Release = Single_Threaded_Static_Release
		Static_Debug = Static_Debug
		Static_Release = Static_Release
	EndGlobalSection
	GlobalSection(ProjectConfiguration) = postSolution
		{C37E1481-C2E7-4620-92CE-DD843EAB4232}.Debug.ActiveCfg = Debug|Win32
		{C37E1481-C2E7-4620-92CE-DD843EAB4232}.Debug.Build.0 = Debug|Win32
		{C37E1481-C2E7-4620-92CE-DD843EAB4232}.Editor_Debug.ActiveCfg = Debug|Win32
		{C37E1481-C2E7-4620-92CE-DD843EAB4232}.Editor_Debug.Build.0 = Debug|Win32
		{C37E1481-C2E7-4620-92CE-DD843EAB4232}.Editor_Hybrid.ActiveCfg = Release|Win32
		{C37E1481-C2E7-4620-92CE-DD843EAB4232}.Editor_Hybrid.Build.0 = Release|Win32
		{C37E1481-C2E7-4620-92CE-DD843EAB4232}.Eval_Release.ActiveCfg = Release|Win32
		{C37E1481-C2E7-4620-92CE-DD843EAB4232}.Eval_Release.Build.0 = Release|Win32
		{C37E1481-C2E7-4620-92CE-DD843EAB4232}.Hybrid.ActiveCfg = Release|Win32
		{C37E1481-C2E7-4620-92CE-DD843EAB4232}.Hybrid.Build.0 = Release|Win32
		{C37E1481-C2E7-4620-92CE-DD843EAB4232}.PyModule_Hybrid.ActiveCfg = Release|Win32
		{C37E1481-C2E7-4620-92CE-DD843EAB4232}.PyModule_Hybrid.Build.0 = Release|Win32
		{C37E1481-C2E7-4620-92CE-DD843EAB4232}.Release.ActiveCfg = Release|Win32
		{C37E1481-C2E7-4620-92CE-DD843EAB4232}.Release.Build.0 = Release|Win32
		{C37E1481-C2E7-4620-92CE-DD843EAB4232}.ReleaseAMD64.ActiveCfg = Release|Win32
		{C37E1481-C2E7-4620-92CE-DD843EAB4232}.ReleaseAMD64.Build.0 = Release|Win32
		{C37E1481-C2E7-4620-92CE-DD843EAB4232}.ReleaseItanium.ActiveCfg = Release|Win32
		{C37E1481-C2E7-4620-92CE-DD843EAB4232}.ReleaseItanium.Build.0 = Release|Win32
		{C37E1481-C2E7-4620-92CE-DD843EAB4232}.Single_Threaded_Debug.ActiveCfg = Debug|Win32
		{C37E1481-C2E7-4620-92CE-DD843EAB4232}.Single_Threaded_Debug.Build.0 = Debug|Win32
		{C37E1481-C2E7-4620-92CE-DD843EAB4232}.Single_Threaded_Hybrid.ActiveCfg = Release|Win32
		{C37E1481-C2E7-4620-92CE-DD843EAB4232}.Single_Threaded_Hybrid.Build.0 = Release|Win32
		{C37E1481-C2E7-4620-92CE-DD843EAB4232}.Single_Threaded_Release.ActiveCfg = Release|Win32
		{C37E1481-C2E7-4620-92CE-DD843EAB4232}.Single_Threaded_Release.Build.0 = Release|Win32
		{C37E1481-C2E7-4620-92CE-DD843EAB4232}.Single_Threaded_Static_Debug.ActiveCfg = Debug|Win32
		{C37E1481-C2E7-4620-92CE-DD843EAB4232}.Single_Threaded_Static_Debug.Build.0 = Debug|Win32
		{C37E1481-C2E7-4620-92CE-DD843EAB4232}.Single_Threaded_Static_Release.ActiveCfg = Release|Win32
		{C37E1481-C2E7-4620-92CE-DD843EAB4232}.Single_Threaded_Static_Release.Build.0 = Release|Win32
		{C37E1481-C2E7-4620-92CE-DD843EAB4232}.Static_Debug.ActiveCfg = Debug|Win32
		{C37E1481-C2E7-4620-92CE-DD843EAB4232}.Static_Debug.Build.0 = Debug|Win32
		{C37E1481-C2E7-4620-92CE-DD843EAB4232}.Static_Release.ActiveCfg = Release|Win32
		{C37E1481-C2E7-4620-92CE-DD843EAB4232}.Static_Release.Build.0 = Release|Win32
		{1822802B-886E-468A-B571-A034001F0B30}.Debug.ActiveCfg = Debug|Win32
		{1822802B-886E-468A-B571-A034001F0B30}.Debug.Build.0 = Debug|Win32
		{1822802B-886E-468A-B571-A034001F0B30}.Editor_Debug.ActiveCfg = Editor_Debug|Win32
		{1822802B-886E-468A-B571-A034001F0B30}.Editor_Debug.Build.0 = Editor_Debug|Win32
		{1822802B-886E-468A-B571-A034001F0B30}.Editor_Hybrid.ActiveCfg = Editor_Hybrid|Win32
		{1822802B-886E-468A-B571-A034001F0B30}.Editor_Hybrid.Build.0 = Editor_Hybrid|Win32
		{1822802B-886E-468A-B571-A034001F0B30}.Eval_Release.ActiveCfg = Release|Win32
		{1822802B-886E-468A-B571-A034001F0B30}.Eval_Release.Build.0 = Release|Win32
		{1822802B-886E-468A-B571-A034001F0B30}.Hybrid.ActiveCfg = Hybrid|Win32
		{1822802B-886E-468A-B571-A034001F0B30}.Hybrid.Build.0 = Hybrid|Win32
		{1822802B-886E-468A-B571-A034001F0B30}.PyModule_Hybrid.ActiveCfg = PyModule_Hybrid|Win32
		{1822802B-886E-468A-B571-A034001F0B30}.PyModule_Hybrid.Build.0 = PyModule_Hybrid|Win32
		{1822802B-886E-468A-B571-A034001F0B30}.Release.ActiveCfg = Release|Win32
		{1822802B-886E-468A-B571-A034001F0B30}.Release.Build.0 = Release|Win32
		{1822802B-886E-468A-B571-A034001F0B30}.ReleaseAMD64.ActiveCfg = Release|Win32
		{1822802B-886E-468A-B571-A034001F0B30}.ReleaseAMD64.Build.0 = Release|Win32
		{1822802B-886E-468A-B571-A034001F0B30}.ReleaseItanium.ActiveCfg = Release|Win32
		{1822802B-886E-468A-B571-A034001F0B30}.ReleaseItanium.Build.0 = Release|Win32
		{1822802B-886E-468A-B571-A034001F0B30}.Single_Threaded_Debug.ActiveCfg = Debug|Win32
		{1822802B-886E-468A-B571-A034001F0B30}.Single_Threaded_Debug.Build.0 = Debug|Win32
		{1822802B-886E-468A-B571-A034001F0B30}.Single_Threaded_Hybrid.ActiveCfg = Hybrid|Win32
		{1822802B-886E-468A-B571-A034001F0B30}.Single_Threaded_Hybrid.Build.0 = Hybrid|Win32
		{1822802B-886E-468A-B571-A034001F0B30}.Single_Threaded_Release.ActiveCfg = Release|Win32
		{1822802B-886E-468A-B571-A034001F0B30}.Single_Threaded_Release.Build.0 = Release|Win32
		{1822802B-886E-468A-B571-A034001F0B30}.Single_Threaded_Static_Debug.ActiveCfg = Debug|Win32
		{1822802B-886E-468A-B571-A034001F0B30}.Single_Threaded_Static_Debug.Build.0 = Debug|Win32
		{1822802B-886E-468A-B571-A034001F0B30}.Single_Threaded_Static_Release.ActiveCfg = Release|Win32
		{1822802B-886E-468A-B571-A034001F0B30}.Single_Threaded_Static_Release.Build.0 = Release|Win32
		{1822802B-886E-468A-B571-A034001F0B30}.Static_Debug.ActiveCfg = Debug|Win32
		{1822802B-886E-468A-B571-A034001F0B30}.Static_Debug.Build.0 = Debug|Win32
		{1822802B-886E-468A-B571-A034001F0B30}.Static_Release.ActiveCfg = Release|Win32
		{1822802B-886E-468A-B571-A034001F0B30}.Static_Release.Build.0 = Release|Win32
		{87B6D90B-35B0-43E6-8506-9EEF75584B9B}.Debug.ActiveCfg = Debug|Win32
		{87B6D90B-35B0-43E6-8506-9EEF75584B9B}.Debug.Build.0 = Debug|Win32
		{87B6D90B-35B0-43E6-8506-9EEF75584B9B}.Editor_Debug.ActiveCfg = Editor_Debug|Win32
		{87B6D90B-35B0-43E6-8506-9EEF75584B9B}.Editor_Debug.Build.0 = Editor_Debug|Win32
		{87B6D90B-35B0-43E6-8506-9EEF75584B9B}.Editor_Hybrid.ActiveCfg = Editor_Hybrid|Win32
		{87B6D90B-35B0-43E6-8506-9EEF75584B9B}.Editor_Hybrid.Build.0 = Editor_Hybrid|Win32
		{87B6D90B-35B0-43E6-8506-9EEF75584B9B}.Eval_Release.ActiveCfg = Release|Win32
		{87B6D90B-35B0-43E6-8506-9EEF75584B9B}.Eval_Release.Build.0 = Release|Win32
		{87B6D90B-35B0-43E6-8506-9EEF75584B9B}.Hybrid.ActiveCfg = Hybrid|Win32
		{87B6D90B-35B0-43E6-8506-9EEF75584B9B}.Hybrid.Build.0 = Hybrid|Win32
		{87B6D90B-35B0-43E6-8506-9EEF75584B9B}.PyModule_Hybrid.ActiveCfg = PyModule_Hybrid|Win32
		{87B6D90B-35B0-43E6-8506-9EEF75584B9B}.PyModule_Hybrid.Build.0 = PyModule_Hybrid|Win32
		{87B6D90B-35B0-43E6-8506-9EEF75584B9B}.Release.ActiveCfg = Release|Win32
		{87B6D90B-35B0-43E6-8506-9EEF75584B9B}.Release.Build.0 = Release|Win32
		{87B6D90B-35B0-43E6-8506-9EEF75584B9B}.ReleaseAMD64.ActiveCfg = Release|Win32
		{87B6D90B-35B0-43E6-8506-9EEF75584B9B}.ReleaseAMD64.Build.0 = Release|Win32
		{87B6D90B-35B0-43E6-8506-9EEF75584B9B}.ReleaseItanium.ActiveCfg = Release|Win32
		{87B6D90B-35B0-43E6-8506-9EEF75584B9B}.ReleaseItanium.Build.0 = Release|Win32
		{87B6D90B-35B0-43E6-8506-9EEF75584B9B}.Single_Threaded_Debug.ActiveCfg = Debug|Win32
		{87B6D90B-35B0-43E6-8506-9EEF75584B9B}.Single_Threaded_Debug.Build.0 = Debug|Win32
		{87B6D90B-35B0-43E6-8506-9EEF75584B9B}.Single_Threaded_Hybrid.ActiveCfg = Hybrid|Win32
		{87B6D90B-35B0-43E6-8506-9EEF75584B9B}.Single_Threaded_Hybrid.Build.0 = Hybrid|Win32
		{87B6D90B-35B0-43E6-8506-9EEF75584B9B}.Single_Threaded_Release.ActiveCfg = Release|Win32
		{87B6D90B-35B0-43E6-8506-9EEF75584B9B}.Single_Threaded_Release.Build.0 = Release|Win32
		{87B6D90B-35B0-43E6-8506-9EEF75584B9B}.Single_Threaded_Static_Debug.ActiveCfg = Debug|Win32
		{87B6D90B-35B0-43E6-8506-9EEF75584B9B}.Single_Threaded_Static_Debug.Build.0 = Debug|Win32
		{87B6D90B-35B0-43E6-8506-9EEF75584B9B}.Single_Threaded_Static_Release.ActiveCfg = Release|Win32
		{87B6D90B-35B0-43E6-8506-9EEF75584B9B}.Single_Threaded_Static_Release.Build.0 = Release|Win32
		{87B6D90B-35B0-43E6-8506-9EEF75584B9B}.Static_Debug.ActiveCfg = Debug|Win32
		{87B6D90B-35B0-43E6-8506-9EEF75584B9B}.Static_Debug.Build.0 = Debug|Win32
		{87B6D90B-35B0-43E6-8506-9EEF75584B9B}.Static_Release.ActiveCfg = Release|Win32
		{87B6D90B-35B0-43E6-8506-9EEF75584B9B}.Static_Release.Build.0 = Release|Win32
		{204D85B9-F793-4F21-99FF-40AC92A08E5D}.Debug.ActiveCfg = Debug|Win32
		{204D85B9-F793-4F21-99FF-40AC92A08E5D}.Debug.Build.0 = Debug|Win32
		{204D85B9-F793-4F21-99FF-40AC92A08E5D}.Editor_Debug.ActiveCfg = Editor_Debug|Win32
		{204D85B9-F793-4F21-99FF-40AC92A08E5D}.Editor_Debug.Build.0 = Editor_Debug|Win32
		{204D85B9-F793-4F21-99FF-40AC92A08E5D}.Editor_Hybrid.ActiveCfg = Editor_Hybrid|Win32
		{204D85B9-F793-4F21-99FF-40AC92A08E5D}.Editor_Hybrid.Build.0 = Editor_Hybrid|Win32
		{204D85B9-F793-4F21-99FF-40AC92A08E5D}.Eval_Release.ActiveCfg = Release|Win32
		{204D85B9-F793-4F21-99FF-40AC92A08E5D}.Eval_Release.Build.0 = Release|Win32
		{204D85B9-F793-4F21-99FF-40AC92A08E5D}.Hybrid.ActiveCfg = Hybrid|Win32
		{204D85B9-F793-4F21-99FF-40AC92A08E5D}.Hybrid.Build.0 = Hybrid|Win32
		{204D85B9-F793-4F21-99FF-40AC92A08E5D}.PyModule_Hybrid.ActiveCfg = PyModule_Hybrid|Win32
		{204D85B9-F793-4F21-99FF-40AC92A08E5D}.PyModule_Hybrid.Build.0 = PyModule_Hybrid|Win32
		{204D85B9-F793-4F21-99FF-40AC92A08E5D}.Release.ActiveCfg = Release|Win32
		{204D85B9-F793-4F21-99FF-40AC92A08E5D}.Release.Build.0 = Release|Win32
		{204D85B9-F793-4F21-99FF-40AC92A08E5D}.ReleaseAMD64.ActiveCfg = Release|Win32
		{204D85B9-F793-4F21-99FF-40AC92A08E5D}.ReleaseAMD64.Build.0 = Release|Win32
		{204D85B9-F793-4F21-99FF-40AC92A08E5D}.ReleaseItanium.ActiveCfg = Release|Win32
		{204D85B9-F793-4F21-99FF-40AC92A08E5D}.ReleaseItanium.Build.0 = Release|Win32
		{204D85B9-F793-4F21-99FF-40AC92A08E5D}.Single_Threaded_Debug.ActiveCfg = Single_Threaded_Debug|Win32
		{204D85B9-F793-4F21-99FF-40AC92A08E5D}.Single_Threaded_Debug.Build.0 = Single_Threaded_Debug|Win32
		{204D85B9-F793-4F21-99FF-40AC92A08E5D}.Single_Threaded_Hybrid.ActiveCfg = Single_Threaded_Hybrid|Win32
		{204D85B9-F793-4F21-99FF-40AC92A08E5D}.Single_Threaded_Hybrid.Build.0 = Single_Threaded_Hybrid|Win32
		{204D85B9-F793-4F21-99FF-40AC92A08E5D}.Single_Threaded_Release.ActiveCfg = Single_Threaded_Static_Release|Win32
		{204D85B9-F793-4F21-99FF-40AC92A08E5D}.Single_Threaded_Release.Build.0 = Single_Threaded_Static_Release|Win32
		{204D85B9-F793-4F21-99FF-40AC92A08E5D}.Single_Threaded_Static_Debug.ActiveCfg = Single_Threaded_Static_Debug|Win32
		{204D85B9-F793-4F21-99FF-40AC92A08E5D}.Single_Threaded_Static_Debug.Build.0 = Single_Threaded_Static_Debug|Win32
		{204D85B9-F793-4F21-99FF-40AC92A08E5D}.Single_Threaded_Static_Release.ActiveCfg = Single_Threaded_Static_Release|Win32
		{204D85B9-F793-4F21-99FF-40AC92A08E5D}.Single_Threaded_Static_Release.Build.0 = Single_Threaded_Static_Release|Win32
		{204D85B9-F793-4F21-99FF-40AC92A08E5D}.Static_Debug.ActiveCfg = Single_Threaded_Static_Debug|Win32
		{204D85B9-F793-4F21-99FF-40AC92A08E5D}.Static_Debug.Build.0 = Single_Threaded_Static_Debug|Win32
		{204D85B9-F793-4F21-99FF-40AC92A08E5D}.Static_Release.ActiveCfg = Single_Threaded_Static_Release|Win32
		{204D85B9-F793-4F21-99FF-40AC92A08E5D}.Static_Release.Build.0 = Single_Threaded_Static_Release|Win32
		{5524AE9C-5FE6-4929-A0E1-3B9C9D25097A}.Debug.ActiveCfg = Debug|Win32
		{5524AE9C-5FE6-4929-A0E1-3B9C9D25097A}.Debug.Build.0 = Debug|Win32
		{5524AE9C-5FE6-4929-A0E1-3B9C9D25097A}.Editor_Debug.ActiveCfg = Debug|Win32
		{5524AE9C-5FE6-4929-A0E1-3B9C9D25097A}.Editor_Debug.Build.0 = Debug|Win32
		{5524AE9C-5FE6-4929-A0E1-3B9C9D25097A}.Editor_Hybrid.ActiveCfg = Hybrid|Win32
		{5524AE9C-5FE6-4929-A0E1-3B9C9D25097A}.Editor_Hybrid.Build.0 = Hybrid|Win32
		{5524AE9C-5FE6-4929-A0E1-3B9C9D25097A}.Eval_Release.ActiveCfg = Release|Win32
		{5524AE9C-5FE6-4929-A0E1-3B9C9D25097A}.Eval_Release.Build.0 = Release|Win32
		{5524AE9C-5FE6-4929-A0E1-3B9C9D25097A}.Hybrid.ActiveCfg = Hybrid|Win32
		{5524AE9C-5FE6-4929-A0E1-3B9C9D25097A}.Hybrid.Build.0 = Hybrid|Win32
		{5524AE9C-5FE6-4929-A0E1-3B9C9D25097A}.PyModule_Hybrid.ActiveCfg = Hybrid|Win32
		{5524AE9C-5FE6-4929-A0E1-3B9C9D25097A}.PyModule_Hybrid.Build.0 = Hybrid|Win32
		{5524AE9C-5FE6-4929-A0E1-3B9C9D25097A}.Release.ActiveCfg = Release|Win32
		{5524AE9C-5FE6-4929-A0E1-3B9C9D25097A}.Release.Build.0 = Release|Win32
		{5524AE9C-5FE6-4929-A0E1-3B9C9D25097A}.ReleaseAMD64.ActiveCfg = Release|Win32
		{5524AE9C-5FE6-4929-A0E1-3B9C9D25097A}.ReleaseAMD64.Build.0 = Release|Win32
		{5524AE9C-5FE6-4929-A0E1-3B9C9D25097A}.ReleaseItanium.ActiveCfg = Release|Win32
		{5524AE9C-5FE6-4929-A0E1-3B9C9D25097A}.ReleaseItanium.Build.0 = Release|Win32
		{5524AE9C-5FE6-4929-A0E1-3B9C9D25097A}.Single_Threaded_Debug.ActiveCfg = Debug|Win32
		{5524AE9C-5FE6-4929-A0E1-3B9C9D25097A}.Single_Threaded_Debug.Build.0 = Debug|Win32
		{5524AE9C-5FE6-4929-A0E1-3B9C9D25097A}.Single_Threaded_Hybrid.ActiveCfg = Hybrid|Win32
		{5524AE9C-5FE6-4929-A0E1-3B9C9D25097A}.Single_Threaded_Hybrid.Build.0 = Hybrid|Win32
		{5524AE9C-5FE6-4929-A0E1-3B9C9D25097A}.Single_Threaded_Release.ActiveCfg = Release|Win32
		{5524AE9C-5FE6-4929-A0E1-3B9C9D25097A}.Single_Threaded_Release.Build.0 = Release|Win32
		{5524AE9C-5FE6-4929-A0E1-3B9C9D25097A}.Single_Threaded_Static_Debug.ActiveCfg = Debug|Win32
		{5524AE9C-5FE6-4929-A0E1-3B9C9D25097A}.Single_Threaded_Static_Debug.Build.0 = Debug|Win32
		{5524AE9C-5FE6-4929-A0E1-3B9C9D25097A}.Single_Threaded_Static_Release.ActiveCfg = Release|Win32
		{5524AE9C-5FE6-4929-A0E1-3B9C9D25097A}.Single_Threaded_Static_Release.Build.0 = Release|Win32
		{5524AE9C-5FE6-4929-A0E1-3B9C9D25097A}.Static_Debug.ActiveCfg = Debug|Win32
		{5524AE9C-5FE6-4929-A0E1-3B9C9D25097A}.Static_Debug.Build.0 = Debug|Win32
		{5524AE9C-5FE6-4929-A0E1-3B9C9D25097A}.Static_Release.ActiveCfg = Release|Win32
		{5524AE9C-5FE6-4929-A0E1-3B9C9D25097A}.Static_Release.Build.0 = Release|Win32
		{CF7AC3D1-E2DF-41D2-BEA6-1E2556CDEA26}.Debug.ActiveCfg = Debug|Win32
		{CF7AC3D1-E2DF-41D2-BEA6-1E2556CDEA26}.Debug.Build.0 = Debug|Win32
		{CF7AC3D1-E2DF-41D2-BEA6-1E2556CDEA26}.Editor_Debug.ActiveCfg = Debug|Win32
		{CF7AC3D1-E2DF-41D2-BEA6-1E2556CDEA26}.Editor_Debug.Build.0 = Debug|Win32
		{CF7AC3D1-E2DF-41D2-BEA6-1E2556CDEA26}.Editor_Hybrid.ActiveCfg = ReleaseAMD64|Win32
		{CF7AC3D1-E2DF-41D2-BEA6-1E2556CDEA26}.Editor_Hybrid.Build.0 = ReleaseAMD64|Win32
		{CF7AC3D1-E2DF-41D2-BEA6-1E2556CDEA26}.Eval_Release.ActiveCfg = Release|Win32
		{CF7AC3D1-E2DF-41D2-BEA6-1E2556CDEA26}.Eval_Release.Build.0 = Release|Win32
		{CF7AC3D1-E2DF-41D2-BEA6-1E2556CDEA26}.Hybrid.ActiveCfg = ReleaseAMD64|Win32
		{CF7AC3D1-E2DF-41D2-BEA6-1E2556CDEA26}.Hybrid.Build.0 = ReleaseAMD64|Win32
		{CF7AC3D1-E2DF-41D2-BEA6-1E2556CDEA26}.PyModule_Hybrid.ActiveCfg = ReleaseAMD64|Win32
		{CF7AC3D1-E2DF-41D2-BEA6-1E2556CDEA26}.PyModule_Hybrid.Build.0 = ReleaseAMD64|Win32
		{CF7AC3D1-E2DF-41D2-BEA6-1E2556CDEA26}.Release.ActiveCfg = Release|Win32
		{CF7AC3D1-E2DF-41D2-BEA6-1E2556CDEA26}.Release.Build.0 = Release|Win32
		{CF7AC3D1-E2DF-41D2-BEA6-1E2556CDEA26}.ReleaseAMD64.ActiveCfg = ReleaseAMD64|Win32
		{CF7AC3D1-E2DF-41D2-BEA6-1E2556CDEA26}.ReleaseAMD64.Build.0 = ReleaseAMD64|Win32
		{CF7AC3D1-E2DF-41D2-BEA6-1E2556CDEA26}.ReleaseItanium.ActiveCfg = ReleaseItanium|Win32
		{CF7AC3D1-E2DF-41D2-BEA6-1E2556CDEA26}.ReleaseItanium.Build.0 = ReleaseItanium|Win32
		{CF7AC3D1-E2DF-41D2-BEA6-1E2556CDEA26}.Single_Threaded_Debug.ActiveCfg = Debug|Win32
		{CF7AC3D1-E2DF-41D2-BEA6-1E2556CDEA26}.Single_Threaded_Debug.Build.0 = Debug|Win32
		{CF7AC3D1-E2DF-41D2-BEA6-1E2556CDEA26}.Single_Threaded_Hybrid.ActiveCfg = ReleaseAMD64|Win32
		{CF7AC3D1-E2DF-41D2-BEA6-1E2556CDEA26}.Single_Threaded_Hybrid.Build.0 = ReleaseAMD64|Win32
		{CF7AC3D1-E2DF-41D2-BEA6-1E2556CDEA26}.Single_Threaded_Release.ActiveCfg = Release|Win32
		{CF7AC3D1-E2DF-41D2-BEA6-1E2556CDEA26}.Single_Threaded_Release.Build.0 = Release|Win32
		{CF7AC3D1-E2DF-41D2-BEA6-1E2556CDEA26}.Single_Threaded_Static_Debug.ActiveCfg = Debug|Win32
		{CF7AC3D1-E2DF-41D2-BEA6-1E2556CDEA26}.Single_Threaded_Static_Debug.Build.0 = Debug|Win32
		{CF7AC3D1-E2DF-41D2-BEA6-1E2556CDEA26}.Single_Threaded_Static_Release.ActiveCfg = Release|Win32
		{CF7AC3D1-E2DF-41D2-BEA6-1E2556CDEA26}.Single_Threaded_Static_Release.Build.0 = Release|Win32
		{CF7AC3D1-E2DF-41D2-BEA6-1E2556CDEA26}.Static_Debug.ActiveCfg = Debug|Win32
		{CF7AC3D1-E2DF-41D2-BEA6-1E2556CDEA26}.Static_Debug.Build.0 = Debug|Win32
		{CF7AC3D1-E2DF-41D2-BEA6-1E2556CDEA26}.Static_Release.ActiveCfg = Release|Win32
		{CF7AC3D1-E2DF-41D2-BEA6-1E2556CDEA26}.Static_Release.Build.0 = Release|Win32
		{1ABB1158-909C-4AD4-9F81-CB38BBA5D950}.Debug.ActiveCfg = Debug|Win32
		{1ABB1158-909C-4AD4-9F81-CB38BBA5D950}.Debug.Build.0 = Debug|Win32
		{1ABB1158-909C-4AD4-9F81-CB38BBA5D950}.Editor_Debug.ActiveCfg = Debug|Win32
		{1ABB1158-909C-4AD4-9F81-CB38BBA5D950}.Editor_Debug.Build.0 = Debug|Win32
		{1ABB1158-909C-4AD4-9F81-CB38BBA5D950}.Editor_Hybrid.ActiveCfg = Static_Release|Win32
		{1ABB1158-909C-4AD4-9F81-CB38BBA5D950}.Editor_Hybrid.Build.0 = Static_Release|Win32
		{1ABB1158-909C-4AD4-9F81-CB38BBA5D950}.Eval_Release.ActiveCfg = Release|Win32
		{1ABB1158-909C-4AD4-9F81-CB38BBA5D950}.Eval_Release.Build.0 = Release|Win32
		{1ABB1158-909C-4AD4-9F81-CB38BBA5D950}.Hybrid.ActiveCfg = Static_Release|Win32
		{1ABB1158-909C-4AD4-9F81-CB38BBA5D950}.Hybrid.Build.0 = Static_Release|Win32
		{1ABB1158-909C-4AD4-9F81-CB38BBA5D950}.PyModule_Hybrid.ActiveCfg = Static_Release|Win32
		{1ABB1158-909C-4AD4-9F81-CB38BBA5D950}.PyModule_Hybrid.Build.0 = Static_Release|Win32
		{1ABB1158-909C-4AD4-9F81-CB38BBA5D950}.Release.ActiveCfg = Release|Win32
		{1ABB1158-909C-4AD4-9F81-CB38BBA5D950}.Release.Build.0 = Release|Win32
		{1ABB1158-909C-4AD4-9F81-CB38BBA5D950}.ReleaseAMD64.ActiveCfg = Release|Win32
		{1ABB1158-909C-4AD4-9F81-CB38BBA5D950}.ReleaseAMD64.Build.0 = Release|Win32
		{1ABB1158-909C-4AD4-9F81-CB38BBA5D950}.ReleaseItanium.ActiveCfg = Release|Win32
		{1ABB1158-909C-4AD4-9F81-CB38BBA5D950}.ReleaseItanium.Build.0 = Release|Win32
		{1ABB1158-909C-4AD4-9F81-CB38BBA5D950}.Single_Threaded_Debug.ActiveCfg = Debug|Win32
		{1ABB1158-909C-4AD4-9F81-CB38BBA5D950}.Single_Threaded_Debug.Build.0 = Debug|Win32
		{1ABB1158-909C-4AD4-9F81-CB38BBA5D950}.Single_Threaded_Hybrid.ActiveCfg = Static_Release|Win32
		{1ABB1158-909C-4AD4-9F81-CB38BBA5D950}.Single_Threaded_Hybrid.Build.0 = Static_Release|Win32
		{1ABB1158-909C-4AD4-9F81-CB38BBA5D950}.Single_Threaded_Release.ActiveCfg = Release|Win32
		{1ABB1158-909C-4AD4-9F81-CB38BBA5D950}.Single_Threaded_Release.Build.0 = Release|Win32
		{1ABB1158-909C-4AD4-9F81-CB38BBA5D950}.Single_Threaded_Static_Debug.ActiveCfg = Static_Debug|Win32
		{1ABB1158-909C-4AD4-9F81-CB38BBA5D950}.Single_Threaded_Static_Debug.Build.0 = Static_Debug|Win32
		{1ABB1158-909C-4AD4-9F81-CB38BBA5D950}.Single_Threaded_Static_Release.ActiveCfg = Static_Release|Win32
		{1ABB1158-909C-4AD4-9F81-CB38BBA5D950}.Single_Threaded_Static_Release.Build.0 = Static_Release|Win32
		{1ABB1158-909C-4AD4-9F81-CB38BBA5D950}.Static_Debug.ActiveCfg = Static_Debug|Win32
		{1ABB1158-909C-4AD4-9F81-CB38BBA5D950}.Static_Debug.Build.0 = Static_Debug|Win32
		{1ABB1158-909C-4AD4-9F81-CB38BBA5D950}.Static_Release.ActiveCfg = Static_Release|Win32
		{1ABB1158-909C-4AD4-9F81-CB38BBA5D950}.Static_Release.Build.0 = Static_Release|Win32
		{452C08A8-4B8E-4275-9207-81840EA8148E}.Debug.ActiveCfg = Debug|Win32
		{452C08A8-4B8E-4275-9207-81840EA8148E}.Debug.Build.0 = Debug|Win32
		{452C08A8-4B8E-4275-9207-81840EA8148E}.Editor_Debug.ActiveCfg = Editor_Debug|Win32
		{452C08A8-4B8E-4275-9207-81840EA8148E}.Editor_Debug.Build.0 = Editor_Debug|Win32
		{452C08A8-4B8E-4275-9207-81840EA8148E}.Editor_Hybrid.ActiveCfg = Editor_Hybrid|Win32
		{452C08A8-4B8E-4275-9207-81840EA8148E}.Editor_Hybrid.Build.0 = Editor_Hybrid|Win32
		{452C08A8-4B8E-4275-9207-81840EA8148E}.Eval_Release.ActiveCfg = Eval_Release|Win32
		{452C08A8-4B8E-4275-9207-81840EA8148E}.Eval_Release.Build.0 = Eval_Release|Win32
		{452C08A8-4B8E-4275-9207-81840EA8148E}.Hybrid.ActiveCfg = Hybrid|Win32
		{452C08A8-4B8E-4275-9207-81840EA8148E}.Hybrid.Build.0 = Hybrid|Win32
		{452C08A8-4B8E-4275-9207-81840EA8148E}.PyModule_Hybrid.ActiveCfg = PyModule_Hybrid|Win32
		{452C08A8-4B8E-4275-9207-81840EA8148E}.PyModule_Hybrid.Build.0 = PyModule_Hybrid|Win32
		{452C08A8-4B8E-4275-9207-81840EA8148E}.Release.ActiveCfg = Release|Win32
		{452C08A8-4B8E-4275-9207-81840EA8148E}.Release.Build.0 = Release|Win32
		{452C08A8-4B8E-4275-9207-81840EA8148E}.ReleaseAMD64.ActiveCfg = Release|Win32
		{452C08A8-4B8E-4275-9207-81840EA8148E}.ReleaseAMD64.Build.0 = Release|Win32
		{452C08A8-4B8E-4275-9207-81840EA8148E}.ReleaseItanium.ActiveCfg = Release|Win32
		{452C08A8-4B8E-4275-9207-81840EA8148E}.ReleaseItanium.Build.0 = Release|Win32
		{452C08A8-4B8E-4275-9207-81840EA8148E}.Single_Threaded_Debug.ActiveCfg = Debug|Win32
		{452C08A8-4B8E-4275-9207-81840EA8148E}.Single_Threaded_Debug.Build.0 = Debug|Win32
		{452C08A8-4B8E-4275-9207-81840EA8148E}.Single_Threaded_Hybrid.ActiveCfg = Hybrid|Win32
		{452C08A8-4B8E-4275-9207-81840EA8148E}.Single_Threaded_Hybrid.Build.0 = Hybrid|Win32
		{452C08A8-4B8E-4275-9207-81840EA8148E}.Single_Threaded_Release.ActiveCfg = Release|Win32
		{452C08A8-4B8E-4275-9207-81840EA8148E}.Single_Threaded_Release.Build.0 = Release|Win32
		{452C08A8-4B8E-4275-9207-81840EA8148E}.Single_Threaded_Static_Debug.ActiveCfg = Debug|Win32
		{452C08A8-4B8E-4275-9207-81840EA8148E}.Single_Threaded_Static_Debug.Build.0 = Debug|Win32
		{452C08A8-4B8E-4275-9207-81840EA8148E}.Single_Threaded_Static_Release.ActiveCfg = Release|Win32
		{452C08A8-4B8E-4275-9207-81840EA8148E}.Single_Threaded_Static_Release.Build.0 = Release|Win32
		{452C08A8-4B8E-4275-9207-81840EA8148E}.Static_Debug.ActiveCfg = Debug|Win32
		{452C08A8-4B8E-4275-9207-81840EA8148E}.Static_Debug.Build.0 = Debug|Win32
		{452C08A8-4B8E-4275-9207-81840EA8148E}.Static_Release.ActiveCfg = Release|Win32
		{452C08A8-4B8E-4275-9207-81840EA8148E}.Static_Release.Build.0 = Release|Win32
		{4642B64B-ABF7-4FAB-903E-EB1E7CBF8A81}.Debug.ActiveCfg = Debug|Win32
		{4642B64B-ABF7-4FAB-903E-EB1E7CBF8A81}.Debug.Build.0 = Debug|Win32
		{4642B64B-ABF7-4FAB-903E-EB1E7CBF8A81}.Editor_Debug.ActiveCfg = Editor_Debug|Win32
		{4642B64B-ABF7-4FAB-903E-EB1E7CBF8A81}.Editor_Debug.Build.0 = Editor_Debug|Win32
		{4642B64B-ABF7-4FAB-903E-EB1E7CBF8A81}.Editor_Hybrid.ActiveCfg = Editor_Hybrid|Win32
		{4642B64B-ABF7-4FAB-903E-EB1E7CBF8A81}.Editor_Hybrid.Build.0 = Editor_Hybrid|Win32
		{4642B64B-ABF7-4FAB-903E-EB1E7CBF8A81}.Eval_Release.ActiveCfg = Release|Win32
		{4642B64B-ABF7-4FAB-903E-EB1E7CBF8A81}.Eval_Release.Build.0 = Release|Win32
		{4642B64B-ABF7-4FAB-903E-EB1E7CBF8A81}.Hybrid.ActiveCfg = Hybrid|Win32
		{4642B64B-ABF7-4FAB-903E-EB1E7CBF8A81}.Hybrid.Build.0 = Hybrid|Win32
		{4642B64B-ABF7-4FAB-903E-EB1E7CBF8A81}.PyModule_Hybrid.ActiveCfg = PyModule_Hybrid|Win32
		{4642B64B-ABF7-4FAB-903E-EB1E7CBF8A81}.PyModule_Hybrid.Build.0 = PyModule_Hybrid|Win32
		{4642B64B-ABF7-4FAB-903E-EB1E7CBF8A81}.Release.ActiveCfg = Release|Win32
		{4642B64B-ABF7-4FAB-903E-EB1E7CBF8A81}.Release.Build.0 = Release|Win32
		{4642B64B-ABF7-4FAB-903E-EB1E7CBF8A81}.ReleaseAMD64.ActiveCfg = Release|Win32
		{4642B64B-ABF7-4FAB-903E-EB1E7CBF8A81}.ReleaseAMD64.Build.0 = Release|Win32
		{4642B64B-ABF7-4FAB-903E-EB1E7CBF8A81}.ReleaseItanium.ActiveCfg = Release|Win32
		{4642B64B-ABF7-4FAB-903E-EB1E7CBF8A81}.ReleaseItanium.Build.0 = Release|Win32
		{4642B64B-ABF7-4FAB-903E-EB1E7CBF8A81}.Single_Threaded_Debug.ActiveCfg = Single_Threaded_Debug|Win32
		{4642B64B-ABF7-4FAB-903E-EB1E7CBF8A81}.Single_Threaded_Debug.Build.0 = Single_Threaded_Debug|Win32
		{4642B64B-ABF7-4FAB-903E-EB1E7CBF8A81}.Single_Threaded_Hybrid.ActiveCfg = Single_Threaded_Hybrid|Win32
		{4642B64B-ABF7-4FAB-903E-EB1E7CBF8A81}.Single_Threaded_Hybrid.Build.0 = Single_Threaded_Hybrid|Win32
		{4642B64B-ABF7-4FAB-903E-EB1E7CBF8A81}.Single_Threaded_Release.ActiveCfg = Single_Threaded_Release|Win32
		{4642B64B-ABF7-4FAB-903E-EB1E7CBF8A81}.Single_Threaded_Release.Build.0 = Single_Threaded_Release|Win32
		{4642B64B-ABF7-4FAB-903E-EB1E7CBF8A81}.Single_Threaded_Static_Debug.ActiveCfg = Single_Threaded_Static_Debug|Win32
		{4642B64B-ABF7-4FAB-903E-EB1E7CBF8A81}.Single_Threaded_Static_Debug.Build.0 = Single_Threaded_Static_Debug|Win32
		{4642B64B-ABF7-4FAB-903E-EB1E7CBF8A81}.Single_Threaded_Static_Release.ActiveCfg = Single_Threaded_Static_Release|Win32
		{4642B64B-ABF7-4FAB-903E-EB1E7CBF8A81}.Single_Threaded_Static_Release.Build.0 = Single_Threaded_Static_Release|Win32
		{4642B64B-ABF7-4FAB-903E-EB1E7CBF8A81}.Static_Debug.ActiveCfg = Single_Threaded_Static_Debug|Win32
		{4642B64B-ABF7-4FAB-903E-EB1E7CBF8A81}.Static_Debug.Build.0 = Single_Threaded_Static_Debug|Win32
		{4642B64B-ABF7-4FAB-903E-EB1E7CBF8A81}.Static_Release.ActiveCfg = Single_Threaded_Static_Release|Win32
		{4642B64B-ABF7-4FAB-903E-EB1E7CBF8A81}.Static_Release.Build.0 = Single_Threaded_Static_Release|Win32
		{5DC4CC9A-3052-4076-A8D4-FE229C1AC141}.Debug.ActiveCfg = Debug|Win32
		{5DC4CC9A-3052-4076-A8D4-FE229C1AC141}.Debug.Build.0 = Debug|Win32
		{5DC4CC9A-3052-4076-A8D4-FE229C1AC141}.Editor_Debug.ActiveCfg = Editor_Debug|Win32
		{5DC4CC9A-3052-4076-A8D4-FE229C1AC141}.Editor_Debug.Build.0 = Editor_Debug|Win32
		{5DC4CC9A-3052-4076-A8D4-FE229C1AC141}.Editor_Hybrid.ActiveCfg = Editor_Hybrid|Win32
		{5DC4CC9A-3052-4076-A8D4-FE229C1AC141}.Editor_Hybrid.Build.0 = Editor_Hybrid|Win32
		{5DC4CC9A-3052-4076-A8D4-FE229C1AC141}.Eval_Release.ActiveCfg = Release|Win32
		{5DC4CC9A-3052-4076-A8D4-FE229C1AC141}.Eval_Release.Build.0 = Release|Win32
		{5DC4CC9A-3052-4076-A8D4-FE229C1AC141}.Hybrid.ActiveCfg = Hybrid|Win32
		{5DC4CC9A-3052-4076-A8D4-FE229C1AC141}.Hybrid.Build.0 = Hybrid|Win32
		{5DC4CC9A-3052-4076-A8D4-FE229C1AC141}.PyModule_Hybrid.ActiveCfg = PyModule_Hybrid|Win32
		{5DC4CC9A-3052-4076-A8D4-FE229C1AC141}.PyModule_Hybrid.Build.0 = PyModule_Hybrid|Win32
		{5DC4CC9A-3052-4076-A8D4-FE229C1AC141}.Release.ActiveCfg = Release|Win32
		{5DC4CC9A-3052-4076-A8D4-FE229C1AC141}.Release.Build.0 = Release|Win32
		{5DC4CC9A-3052-4076-A8D4-FE229C1AC141}.ReleaseAMD64.ActiveCfg = Release|Win32
		{5DC4CC9A-3052-4076-A8D4-FE229C1AC141}.ReleaseAMD64.Build.0 = Release|Win32
		{5DC4CC9A-3052-4076-A8D4-FE229C1AC141}.ReleaseItanium.ActiveCfg = Release|Win32
		{5DC4CC9A-3052-4076-A8D4-FE229C1AC141}.ReleaseItanium.Build.0 = Release|Win32
		{5DC4CC9A-3052-4076-A8D4-FE229C1AC141}.Single_Threaded_Debug.ActiveCfg = Debug|Win32
		{5DC4CC9A-3052-4076-A8D4-FE229C1AC141}.Single_Threaded_Debug.Build.0 = Debug|Win32
		{5DC4CC9A-3052-4076-A8D4-FE229C1AC141}.Single_Threaded_Hybrid.ActiveCfg = Hybrid|Win32
		{5DC4CC9A-3052-4076-A8D4-FE229C1AC141}.Single_Threaded_Hybrid.Build.0 = Hybrid|Win32
		{5DC4CC9A-3052-4076-A8D4-FE229C1AC141}.Single_Threaded_Release.ActiveCfg = Release|Win32
		{5DC4CC9A-3052-4076-A8D4-FE229C1AC141}.Single_Threaded_Release.Build.0 = Release|Win32
		{5DC4CC9A-3052-4076-A8D4-FE229C1AC141}.Single_Threaded_Static_Debug.ActiveCfg = Static_Debug|Win32
		{5DC4CC9A-3052-4076-A8D4-FE229C1AC141}.Single_Threaded_Static_Debug.Build.0 = Static_Debug|Win32
		{5DC4CC9A-3052-4076-A8D4-FE229C1AC141}.Single_Threaded_Static_Release.ActiveCfg = Static_Release|Win32
		{5DC4CC9A-3052-4076-A8D4-FE229C1AC141}.Single_Threaded_Static_Release.Build.0 = Static_Release|Win32
		{5DC4CC9A-3052-4076-A8D4-FE229C1AC141}.Static_Debug.ActiveCfg = Static_Debug|Win32
		{5DC4CC9A-3052-4076-A8D4-FE229C1AC141}.Static_Debug.Build.0 = Static_Debug|Win32
		{5DC4CC9A-3052-4076-A8D4-FE229C1AC141}.Static_Release.ActiveCfg = Static_Release|Win32
		{5DC4CC9A-3052-4076-A8D4-FE229C1AC141}.Static_Release.Build.0 = Static_Release|Win32
	EndGlobalSection
	GlobalSection(ExtensibilityGlobals) = postSolution
	EndGlobalSection
	GlobalSection(ExtensibilityAddIns) = postSolution
	EndGlobalSection
EndGlobal
